{
  "name": "tmijs-commander",
  "version": "2.0.7",
  "lockfileVersion": 1,
  "requires": true,
  "dependencies": {
    "@types/tmi.js": {
      "version": "1.4.0",
      "resolved": "https://registry.npmjs.org/@types/tmi.js/-/tmi.js-1.4.0.tgz",
      "integrity": "sha512-Xs+7GV/qNQWarPgmlRyJLvSr7VrXZs/HiXXA2GKBvlmB1JIP+iYyC8UEZaKGllX3NZhZ2lDtOtVJunhe9m6MTQ=="
    },
    "typescript": {
      "version": "3.9.7",
      "resolved": "https://registry.npmjs.org/typescript/-/typescript-3.9.7.tgz",
      "integrity": "sha512-BLbiRkiBzAwsjut4x/dsibSTB6yWpwT5qWmC2OfuCg3GgVQCSgMs4vEctYPhsaGtd0AeuuHMkjZ2h2WG8MSzRw==",
      "dev": true
    }
  }
}
